
Microsoft Visual Studio Solution File, Format Version 12.00
# Visual Studio Version 16
VisualStudioVersion = 16.0.29613.14
MinimumVisualStudioVersion = 10.0.40219.1
Project("{9A19103F-16F7-4668-BE54-9A1E7A4F7556}") = "MetabaseClient", "MetabaseClient\MetabaseClient.csproj", "{81393977-78B9-4E65-AA35-6AC8748E12C5}"
EndProject
Project("{FAE04EC0-301F-11D3-BF4B-00C04F79EFBC}") = "WpfUI", "..\..\..\WPF\MBDesktopApp\WpfUI\WpfUI.csproj", "{9ED73709-58B8-42C9-86D2-8CBC1F430A39}"
EndProject
Project("{FAE04EC0-301F-11D3-BF4B-00C04F79EFBC}") = "WpfUI.Library", "..\..\..\WPF\MBDesktopApp\WpfUI.Library\WpfUI.Library.csproj", "{F48AC4C1-7F69-46AA-8402-6D9139789DBA}"
EndProject
Global
	GlobalSection(SolutionConfigurationPlatforms) = preSolution
		Debug|Any CPU = Debug|Any CPU
		Release|Any CPU = Release|Any CPU
	EndGlobalSection
	GlobalSection(ProjectConfigurationPlatforms) = postSolution
		{81393977-78B9-4E65-AA35-6AC8748E12C5}.Debug|Any CPU.ActiveCfg = Debug|Any CPU
		{81393977-78B9-4E65-AA35-6AC8748E12C5}.Debug|Any CPU.Build.0 = Debug|Any CPU
		{81393977-78B9-4E65-AA35-6AC8748E12C5}.Release|Any CPU.ActiveCfg = Release|Any CPU
		{81393977-78B9-4E65-AA35-6AC8748E12C5}.Release|Any CPU.Build.0 = Release|Any CPU
		{9ED73709-58B8-42C9-86D2-8CBC1F430A39}.Debug|Any CPU.ActiveCfg = Debug|Any CPU
		{9ED73709-58B8-42C9-86D2-8CBC1F430A39}.Debug|Any CPU.Build.0 = Debug|Any CPU
		{9ED73709-58B8-42C9-86D2-8CBC1F430A39}.Release|Any CPU.ActiveCfg = Release|Any CPU
		{9ED73709-58B8-42C9-86D2-8CBC1F430A39}.Release|Any CPU.Build.0 = Release|Any CPU
		{F48AC4C1-7F69-46AA-8402-6D9139789DBA}.Debug|Any CPU.ActiveCfg = Debug|Any CPU
		{F48AC4C1-7F69-46AA-8402-6D9139789DBA}.Debug|Any CPU.Build.0 = Debug|Any CPU
		{F48AC4C1-7F69-46AA-8402-6D9139789DBA}.Release|Any CPU.ActiveCfg = Release|Any CPU
		{F48AC4C1-7F69-46AA-8402-6D9139789DBA}.Release|Any CPU.Build.0 = Release|Any CPU
	EndGlobalSection
	GlobalSection(SolutionProperties) = preSolution
		HideSolutionNode = FALSE
	EndGlobalSection
	GlobalSection(ExtensibilityGlobals) = postSolution
		SolutionGuid = {9C54D76E-B2F3-451B-869A-4FF74FA53546}
	EndGlobalSection
EndGlobal
